
Microsoft Visual Studio Solution File, Format Version 11.00
# Visual Studio 2010
Project("{FAE04EC0-301F-11D3-BF4B-00C04F79EFBC}") = "lina-belina-assets", "Assembly-CSharp-firstpass.csproj", "{B1B9B72D-0C65-2010-E83B-14DD466D198B}"
EndProject
Project("{FAE04EC0-301F-11D3-BF4B-00C04F79EFBC}") = "lina-belina-assets", "Assembly-CSharp.csproj", "{58DE2866-02F8-D284-905E-664410C2C971}"
EndProject
Project("{FAE04EC0-301F-11D3-BF4B-00C04F79EFBC}") = "lina-belina-assets", "Assembly-CSharp-Editor-firstpass.csproj", "{894F3FC9-31CE-C809-6BE3-43CE01711C7F}"
EndProject
Global
	GlobalSection(SolutionConfigurationPlatforms) = preSolution
		Debug|Any CPU = Debug|Any CPU
		Release|Any CPU = Release|Any CPU
	EndGlobalSection
	GlobalSection(ProjectConfigurationPlatforms) = postSolution
		{B1B9B72D-0C65-2010-E83B-14DD466D198B}.Debug|Any CPU.ActiveCfg = Debug|Any CPU
		{B1B9B72D-0C65-2010-E83B-14DD466D198B}.Debug|Any CPU.Build.0 = Debug|Any CPU
		{B1B9B72D-0C65-2010-E83B-14DD466D198B}.Release|Any CPU.ActiveCfg = Release|Any CPU
		{B1B9B72D-0C65-2010-E83B-14DD466D198B}.Release|Any CPU.Build.0 = Release|Any CPU
		{58DE2866-02F8-D284-905E-664410C2C971}.Debug|Any CPU.ActiveCfg = Debug|Any CPU
		{58DE2866-02F8-D284-905E-664410C2C971}.Debug|Any CPU.Build.0 = Debug|Any CPU
		{58DE2866-02F8-D284-905E-664410C2C971}.Release|Any CPU.ActiveCfg = Release|Any CPU
		{58DE2866-02F8-D284-905E-664410C2C971}.Release|Any CPU.Build.0 = Release|Any CPU
		{894F3FC9-31CE-C809-6BE3-43CE01711C7F}.Debug|Any CPU.ActiveCfg = Debug|Any CPU
		{894F3FC9-31CE-C809-6BE3-43CE01711C7F}.Debug|Any CPU.Build.0 = Debug|Any CPU
		{894F3FC9-31CE-C809-6BE3-43CE01711C7F}.Release|Any CPU.ActiveCfg = Release|Any CPU
		{894F3FC9-31CE-C809-6BE3-43CE01711C7F}.Release|Any CPU.Build.0 = Release|Any CPU
	EndGlobalSection
	GlobalSection(SolutionProperties) = preSolution
		HideSolutionNode = FALSE
	EndGlobalSection
	GlobalSection(MonoDevelopProperties) = preSolution
		StartupItem = Assembly-CSharp.csproj
	EndGlobalSection
EndGlobal
